// !$*UTF8*$!
{
	archiveVersion = 1;
	classes = {
	};
	objectVersion = 56;
	objects = {

/* Begin PBXBuildFile section */
		8168B31E29476A5C00526BE4 /* Player.swift in Sources */ = {isa = PBXBuildFile; fileRef = 8168B31D29476A5C00526BE4 /* Player.swift */; };
		8168B32029476A8300526BE4 /* Citizen.swift in Sources */ = {isa = PBXBuildFile; fileRef = 8168B31F29476A8300526BE4 /* Citizen.swift */; };
		8168B32329476AC600526BE4 /* Projectile.swift in Sources */ = {isa = PBXBuildFile; fileRef = 8168B32229476AC600526BE4 /* Projectile.swift */; };
		8168B32529476B1100526BE4 /* SpritekitHelper.swift in Sources */ = {isa = PBXBuildFile; fileRef = 8168B32429476B1100526BE4 /* SpritekitHelper.swift */; };
		8168B3282947901F00526BE4 /* backgroundMusic.mp3 in Resources */ = {isa = PBXBuildFile; fileRef = 8168B3272947901F00526BE4 /* backgroundMusic.mp3 */; };
		8168B32B2947918D00526BE4 /* BiteBloodPickup.mp3 in Resources */ = {isa = PBXBuildFile; fileRef = 8168B3292947918D00526BE4 /* BiteBloodPickup.mp3 */; };
		8168B32C2947918D00526BE4 /* Hitby_falling_object.mp3 in Resources */ = {isa = PBXBuildFile; fileRef = 8168B32A2947918D00526BE4 /* Hitby_falling_object.mp3 */; };
		819CBF5C294C7B7E00C83127 /* Collectibles.swift in Sources */ = {isa = PBXBuildFile; fileRef = 819CBF5B294C7B7E00C83127 /* Collectibles.swift */; };
		81B9AD3A294A5CF60080EFE5 /* Casaletwo.ttf in Resources */ = {isa = PBXBuildFile; fileRef = 81B9AD39294A5CF60080EFE5 /* Casaletwo.ttf */; };
		EAAD88F029406FE60013B91C /* MainView.swift in Sources */ = {isa = PBXBuildFile; fileRef = EAAD88EC29406FE50013B91C /* MainView.swift */; };
		EAAD88F129406FE60013B91C /* Assets.xcassets in Resources */ = {isa = PBXBuildFile; fileRef = EAAD88ED29406FE50013B91C /* Assets.xcassets */; };
		EAAD88F229406FE60013B91C /* MainApp.swift in Sources */ = {isa = PBXBuildFile; fileRef = EAAD88EE29406FE50013B91C /* MainApp.swift */; };
		EAAD88F329406FE60013B91C /* GameScene.swift in Sources */ = {isa = PBXBuildFile; fileRef = EAAD88EF29406FE50013B91C /* GameScene.swift */; };
/* End PBXBuildFile section */

/* Begin PBXFileReference section */
		8168B31D29476A5C00526BE4 /* Player.swift */ = {isa = PBXFileReference; lastKnownFileType = sourcecode.swift; path = Player.swift; sourceTree = "<group>"; };
		8168B31F29476A8300526BE4 /* Citizen.swift */ = {isa = PBXFileReference; lastKnownFileType = sourcecode.swift; path = Citizen.swift; sourceTree = "<group>"; };
		8168B32229476AC600526BE4 /* Projectile.swift */ = {isa = PBXFileReference; lastKnownFileType = sourcecode.swift; path = Projectile.swift; sourceTree = "<group>"; };
		8168B32429476B1100526BE4 /* SpritekitHelper.swift */ = {isa = PBXFileReference; lastKnownFileType = sourcecode.swift; path = SpritekitHelper.swift; sourceTree = "<group>"; };
		8168B3272947901F00526BE4 /* backgroundMusic.mp3 */ = {isa = PBXFileReference; lastKnownFileType = audio.mp3; path = backgroundMusic.mp3; sourceTree = "<group>"; };
		8168B3292947918D00526BE4 /* BiteBloodPickup.mp3 */ = {isa = PBXFileReference; lastKnownFileType = audio.mp3; path = BiteBloodPickup.mp3; sourceTree = "<group>"; };
		8168B32A2947918D00526BE4 /* Hitby_falling_object.mp3 */ = {isa = PBXFileReference; lastKnownFileType = audio.mp3; path = Hitby_falling_object.mp3; sourceTree = "<group>"; };
		819CBF5B294C7B7E00C83127 /* Collectibles.swift */ = {isa = PBXFileReference; lastKnownFileType = sourcecode.swift; path = Collectibles.swift; sourceTree = "<group>"; };
		81B9AD39294A5CF60080EFE5 /* Casaletwo.ttf */ = {isa = PBXFileReference; lastKnownFileType = file; path = Casaletwo.ttf; sourceTree = "<group>"; };
		EA6B0F4229BA847B000C38C4 /* Vampire's Hunt.entitlements */ = {isa = PBXFileReference; lastKnownFileType = text.plist.entitlements; path = "Vampire's Hunt.entitlements"; sourceTree = "<group>"; };
		EAAD88D229406FD10013B91C /* Vampire's Hunt.app */ = {isa = PBXFileReference; explicitFileType = wrapper.application; includeInIndex = 0; path = "Vampire's Hunt.app"; sourceTree = BUILT_PRODUCTS_DIR; };
		EAAD88EC29406FE50013B91C /* MainView.swift */ = {isa = PBXFileReference; fileEncoding = 4; lastKnownFileType = sourcecode.swift; path = MainView.swift; sourceTree = "<group>"; };
		EAAD88ED29406FE50013B91C /* Assets.xcassets */ = {isa = PBXFileReference; lastKnownFileType = folder.assetcatalog; path = Assets.xcassets; sourceTree = "<group>"; };
		EAAD88EE29406FE50013B91C /* MainApp.swift */ = {isa = PBXFileReference; fileEncoding = 4; lastKnownFileType = sourcecode.swift; path = MainApp.swift; sourceTree = "<group>"; };
		EAAD88EF29406FE50013B91C /* GameScene.swift */ = {isa = PBXFileReference; fileEncoding = 4; lastKnownFileType = sourcecode.swift; path = GameScene.swift; sourceTree = "<group>"; };
/* End PBXFileReference section */

/* Begin PBXFrameworksBuildPhase section */
		EAAD88CF29406FD10013B91C /* Frameworks */ = {
			isa = PBXFrameworksBuildPhase;
			buildActionMask = 2147483647;
			files = (
			);
			runOnlyForDeploymentPostprocessing = 0;
		};
/* End PBXFrameworksBuildPhase section */

/* Begin PBXGroup section */
		8168B31C29476A1B00526BE4 /* Main */ = {
			isa = PBXGroup;
			children = (
				EAAD88EE29406FE50013B91C /* MainApp.swift */,
				EAAD88EC29406FE50013B91C /* MainView.swift */,
			);
			path = Main;
			sourceTree = "<group>";
		};
		8168B32129476A8F00526BE4 /* GameplayStruct */ = {
			isa = PBXGroup;
			children = (
				8168B31D29476A5C00526BE4 /* Player.swift */,
				8168B32229476AC600526BE4 /* Projectile.swift */,
				8168B31F29476A8300526BE4 /* Citizen.swift */,
				819CBF5B294C7B7E00C83127 /* Collectibles.swift */,
			);
			path = GameplayStruct;
			sourceTree = "<group>";
		};
		8168B3262947900E00526BE4 /* Sound */ = {
			isa = PBXGroup;
			children = (
				8168B3272947901F00526BE4 /* backgroundMusic.mp3 */,
				8168B3292947918D00526BE4 /* BiteBloodPickup.mp3 */,
				8168B32A2947918D00526BE4 /* Hitby_falling_object.mp3 */,
			);
			path = Sound;
			sourceTree = "<group>";
		};
		8168B32D2948E18200526BE4 /* Font */ = {
			isa = PBXGroup;
			children = (
				81B9AD39294A5CF60080EFE5 /* Casaletwo.ttf */,
			);
			path = Font;
			sourceTree = "<group>";
		};
		EAAD88C929406FD10013B91C = {
			isa = PBXGroup;
			children = (
				EAAD88D429406FD10013B91C /* Vampire's Hunt */,
				EAAD88D329406FD10013B91C /* Products */,
			);
			sourceTree = "<group>";
		};
		EAAD88D329406FD10013B91C /* Products */ = {
			isa = PBXGroup;
			children = (
				EAAD88D229406FD10013B91C /* Vampire's Hunt.app */,
			);
			name = Products;
			sourceTree = "<group>";
		};
		EAAD88D429406FD10013B91C /* Vampire's Hunt */ = {
			isa = PBXGroup;
			children = (
				EA6B0F4229BA847B000C38C4 /* Vampire's Hunt.entitlements */,
				8168B32D2948E18200526BE4 /* Font */,
				8168B3262947900E00526BE4 /* Sound */,
				8168B32129476A8F00526BE4 /* GameplayStruct */,
				8168B31C29476A1B00526BE4 /* Main */,
				EAAD88ED29406FE50013B91C /* Assets.xcassets */,
				EAAD88EF29406FE50013B91C /* GameScene.swift */,
				8168B32429476B1100526BE4 /* SpritekitHelper.swift */,
			);
			path = "Vampire's Hunt";
			sourceTree = "<group>";
		};
/* End PBXGroup section */

/* Begin PBXNativeTarget section */
		EAAD88D129406FD10013B91C /* Vampire's Hunt */ = {
			isa = PBXNativeTarget;
			buildConfigurationList = EAAD88E929406FD10013B91C /* Build configuration list for PBXNativeTarget "Vampire's Hunt" */;
			buildPhases = (
				EAAD88CE29406FD10013B91C /* Sources */,
				EAAD88CF29406FD10013B91C /* Frameworks */,
				EAAD88D029406FD10013B91C /* Resources */,
			);
			buildRules = (
			);
			dependencies = (
			);
			name = "Vampire's Hunt";
			productName = VampireConquest;
			productReference = EAAD88D229406FD10013B91C /* Vampire's Hunt.app */;
			productType = "com.apple.product-type.application";
		};
/* End PBXNativeTarget section */

/* Begin PBXProject section */
		EAAD88CA29406FD10013B91C /* Project object */ = {
			isa = PBXProject;
			attributes = {
				BuildIndependentTargetsInParallel = 1;
				LastSwiftUpdateCheck = 1410;
				LastUpgradeCheck = 1410;
				TargetAttributes = {
					EAAD88D129406FD10013B91C = {
						CreatedOnToolsVersion = 14.1;
						LastSwiftMigration = 1410;
					};
				};
			};
			buildConfigurationList = EAAD88CD29406FD10013B91C /* Build configuration list for PBXProject "Vampire's Hunt" */;
			compatibilityVersion = "Xcode 14.0";
			developmentRegion = en;
			hasScannedForEncodings = 0;
			knownRegions = (
				en,
				Base,
			);
			mainGroup = EAAD88C929406FD10013B91C;
			productRefGroup = EAAD88D329406FD10013B91C /* Products */;
			projectDirPath = "";
			projectRoot = "";
			targets = (
				EAAD88D129406FD10013B91C /* Vampire's Hunt */,
			);
		};
/* End PBXProject section */

/* Begin PBXResourcesBuildPhase section */
		EAAD88D029406FD10013B91C /* Resources */ = {
			isa = PBXResourcesBuildPhase;
			buildActionMask = 2147483647;
			files = (
				8168B32C2947918D00526BE4 /* Hitby_falling_object.mp3 in Resources */,
				81B9AD3A294A5CF60080EFE5 /* Casaletwo.ttf in Resources */,
				8168B3282947901F00526BE4 /* backgroundMusic.mp3 in Resources */,
				EAAD88F129406FE60013B91C /* Assets.xcassets in Resources */,
				8168B32B2947918D00526BE4 /* BiteBloodPickup.mp3 in Resources */,
			);
			runOnlyForDeploymentPostprocessing = 0;
		};
/* End PBXResourcesBuildPhase section */

/* Begin PBXSourcesBuildPhase section */
		EAAD88CE29406FD10013B91C /* Sources */ = {
			isa = PBXSourcesBuildPhase;
			buildActionMask = 2147483647;
			files = (
				EAAD88F329406FE60013B91C /* GameScene.swift in Sources */,
				EAAD88F029406FE60013B91C /* MainView.swift in Sources */,
				8168B32329476AC600526BE4 /* Projectile.swift in Sources */,
				8168B31E29476A5C00526BE4 /* Player.swift in Sources */,
				EAAD88F229406FE60013B91C /* MainApp.swift in Sources */,
				8168B32029476A8300526BE4 /* Citizen.swift in Sources */,
				819CBF5C294C7B7E00C83127 /* Collectibles.swift in Sources */,
				8168B32529476B1100526BE4 /* SpritekitHelper.swift in Sources */,
			);
			runOnlyForDeploymentPostprocessing = 0;
		};
/* End PBXSourcesBuildPhase section */

/* Begin XCBuildConfiguration section */
		EAAD88E729406FD10013B91C /* Debug */ = {
			isa = XCBuildConfiguration;
			buildSettings = {
				ALWAYS_SEARCH_USER_PATHS = NO;
				CLANG_ANALYZER_NONNULL = YES;
				CLANG_ANALYZER_NUMBER_OBJECT_CONVERSION = YES_AGGRESSIVE;
				CLANG_CXX_LANGUAGE_STANDARD = "gnu++20";
				CLANG_ENABLE_MODULES = YES;
				CLANG_ENABLE_OBJC_ARC = YES;
				CLANG_ENABLE_OBJC_WEAK = YES;
				CLANG_WARN_BLOCK_CAPTURE_AUTORELEASING = YES;
				CLANG_WARN_BOOL_CONVERSION = YES;
				CLANG_WARN_COMMA = YES;
				CLANG_WARN_CONSTANT_CONVERSION = YES;
				CLANG_WARN_DEPRECATED_OBJC_IMPLEMENTATIONS = YES;
				CLANG_WARN_DIRECT_OBJC_ISA_USAGE = YES_ERROR;
				CLANG_WARN_DOCUMENTATION_COMMENTS = YES;
				CLANG_WARN_EMPTY_BODY = YES;
				CLANG_WARN_ENUM_CONVERSION = YES;
				CLANG_WARN_INFINITE_RECURSION = YES;
				CLANG_WARN_INT_CONVERSION = YES;
				CLANG_WARN_NON_LITERAL_NULL_CONVERSION = YES;
				CLANG_WARN_OBJC_IMPLICIT_RETAIN_SELF = YES;
				CLANG_WARN_OBJC_LITERAL_CONVERSION = YES;
				CLANG_WARN_OBJC_ROOT_CLASS = YES_ERROR;
				CLANG_WARN_QUOTED_INCLUDE_IN_FRAMEWORK_HEADER = YES;
				CLANG_WARN_RANGE_LOOP_ANALYSIS = YES;
				CLANG_WARN_STRICT_PROTOTYPES = YES;
				CLANG_WARN_SUSPICIOUS_MOVE = YES;
				CLANG_WARN_UNGUARDED_AVAILABILITY = YES_AGGRESSIVE;
				CLANG_WARN_UNREACHABLE_CODE = YES;
				CLANG_WARN__DUPLICATE_METHOD_MATCH = YES;
				COPY_PHASE_STRIP = NO;
				DEBUG_INFORMATION_FORMAT = dwarf;
				ENABLE_STRICT_OBJC_MSGSEND = YES;
				ENABLE_TESTABILITY = YES;
				GCC_C_LANGUAGE_STANDARD = gnu11;
				GCC_DYNAMIC_NO_PIC = NO;
				GCC_NO_COMMON_BLOCKS = YES;
				GCC_OPTIMIZATION_LEVEL = 0;
				GCC_PREPROCESSOR_DEFINITIONS = (
					"DEBUG=1",
					"$(inherited)",
				);
				GCC_WARN_64_TO_32_BIT_CONVERSION = YES;
				GCC_WARN_ABOUT_RETURN_TYPE = YES_ERROR;
				GCC_WARN_UNDECLARED_SELECTOR = YES;
				GCC_WARN_UNINITIALIZED_AUTOS = YES_AGGRESSIVE;
				GCC_WARN_UNUSED_FUNCTION = YES;
				GCC_WARN_UNUSED_VARIABLE = YES;
				IPHONEOS_DEPLOYMENT_TARGET = 16.1;
				MTL_ENABLE_DEBUG_INFO = INCLUDE_SOURCE;
				MTL_FAST_MATH = YES;
				ONLY_ACTIVE_ARCH = YES;
				SDKROOT = iphoneos;
				SWIFT_ACTIVE_COMPILATION_CONDITIONS = DEBUG;
				SWIFT_OPTIMIZATION_LEVEL = "-Onone";
			};
			name = Debug;
		};
		EAAD88E829406FD10013B91C /* Release */ = {
			isa = XCBuildConfiguration;
			buildSettings = {
				ALWAYS_SEARCH_USER_PATHS = NO;
				CLANG_ANALYZER_NONNULL = YES;
				CLANG_ANALYZER_NUMBER_OBJECT_CONVERSION = YES_AGGRESSIVE;
				CLANG_CXX_LANGUAGE_STANDARD = "gnu++20";
				CLANG_ENABLE_MODULES = YES;
				CLANG_ENABLE_OBJC_ARC = YES;
				CLANG_ENABLE_OBJC_WEAK = YES;
				CLANG_WARN_BLOCK_CAPTURE_AUTORELEASING = YES;
				CLANG_WARN_BOOL_CONVERSION = YES;
				CLANG_WARN_COMMA = YES;
				CLANG_WARN_CONSTANT_CONVERSION = YES;
				CLANG_WARN_DEPRECATED_OBJC_IMPLEMENTATIONS = YES;
				CLANG_WARN_DIRECT_OBJC_ISA_USAGE = YES_ERROR;
				CLANG_WARN_DOCUMENTATION_COMMENTS = YES;
				CLANG_WARN_EMPTY_BODY = YES;
				CLANG_WARN_ENUM_CONVERSION = YES;
				CLANG_WARN_INFINITE_RECURSION = YES;
				CLANG_WARN_INT_CONVERSION = YES;
				CLANG_WARN_NON_LITERAL_NULL_CONVERSION = YES;
				CLANG_WARN_OBJC_IMPLICIT_RETAIN_SELF = YES;
				CLANG_WARN_OBJC_LITERAL_CONVERSION = YES;
				CLANG_WARN_OBJC_ROOT_CLASS = YES_ERROR;
				CLANG_WARN_QUOTED_INCLUDE_IN_FRAMEWORK_HEADER = YES;
				CLANG_WARN_RANGE_LOOP_ANALYSIS = YES;
				CLANG_WARN_STRICT_PROTOTYPES = YES;
				CLANG_WARN_SUSPICIOUS_MOVE = YES;
				CLANG_WARN_UNGUARDED_AVAILABILITY = YES_AGGRESSIVE;
				CLANG_WARN_UNREACHABLE_CODE = YES;
				CLANG_WARN__DUPLICATE_METHOD_MATCH = YES;
				COPY_PHASE_STRIP = NO;
				DEBUG_INFORMATION_FORMAT = "dwarf-with-dsym";
				ENABLE_NS_ASSERTIONS = NO;
				ENABLE_STRICT_OBJC_MSGSEND = YES;
				GCC_C_LANGUAGE_STANDARD = gnu11;
				GCC_NO_COMMON_BLOCKS = YES;
				GCC_WARN_64_TO_32_BIT_CONVERSION = YES;
				GCC_WARN_ABOUT_RETURN_TYPE = YES_ERROR;
				GCC_WARN_UNDECLARED_SELECTOR = YES;
				GCC_WARN_UNINITIALIZED_AUTOS = YES_AGGRESSIVE;
				GCC_WARN_UNUSED_FUNCTION = YES;
				GCC_WARN_UNUSED_VARIABLE = YES;
				IPHONEOS_DEPLOYMENT_TARGET = 16.1;
				MTL_ENABLE_DEBUG_INFO = NO;
				MTL_FAST_MATH = YES;
				SDKROOT = iphoneos;
				SWIFT_COMPILATION_MODE = wholemodule;
				SWIFT_OPTIMIZATION_LEVEL = "-O";
				VALIDATE_PRODUCT = YES;
			};
			name = Release;
		};
		EAAD88EA29406FD10013B91C /* Debug */ = {
			isa = XCBuildConfiguration;
			buildSettings = {
				ASSETCATALOG_COMPILER_APPICON_NAME = AppIcon;
				ASSETCATALOG_COMPILER_GLOBAL_ACCENT_COLOR_NAME = AccentColor;
				CLANG_ENABLE_MODULES = YES;
				CODE_SIGN_ENTITLEMENTS = "Vampire's Hunt/Vampire's Hunt.entitlements";
				CODE_SIGN_IDENTITY = "Apple Development";
				CODE_SIGN_STYLE = Automatic;
				CURRENT_PROJECT_VERSION = 1;
				DEVELOPMENT_TEAM = W48GBB265B;
				GENERATE_INFOPLIST_FILE = YES;
				INFOPLIST_FILE = "Vampire-s-Hunt-Info.plist";
				INFOPLIST_KEY_CFBundleDisplayName = "Vampire's Hunt";
				INFOPLIST_KEY_LSApplicationCategoryType = "public.app-category.arcade-games";
				INFOPLIST_KEY_UIApplicationSupportsIndirectInputEvents = YES;
				INFOPLIST_KEY_UILaunchStoryboardName = LaunchScreen;
				INFOPLIST_KEY_UIStatusBarHidden = YES;
				INFOPLIST_KEY_UISupportedInterfaceOrientations = "UIInterfaceOrientationLandscapeLeft UIInterfaceOrientationLandscapeRight";
				INFOPLIST_KEY_UISupportedInterfaceOrientations_iPad = "UIInterfaceOrientationLandscapeLeft UIInterfaceOrientationLandscapeRight UIInterfaceOrientationPortrait UIInterfaceOrientationPortraitUpsideDown";
				LD_RUNPATH_SEARCH_PATHS = (
					"$(inherited)",
					"@executable_path/Frameworks",
				);
				MARKETING_VERSION = 1.0;
				PRODUCT_BUNDLE_IDENTIFIER = com.nanashi.vampireshun;
				PRODUCT_NAME = "$(TARGET_NAME)";
				PROVISIONING_PROFILE_SPECIFIER = "";
				SUPPORTED_PLATFORMS = "iphoneos iphonesimulator";
				SUPPORTS_MACCATALYST = NO;
				SUPPORTS_MAC_DESIGNED_FOR_IPHONE_IPAD = NO;
				SWIFT_EMIT_LOC_STRINGS = YES;
				SWIFT_OPTIMIZATION_LEVEL = "-Onone";
				SWIFT_VERSION = 5.0;
				TARGETED_DEVICE_FAMILY = 1;
			};
			name = Debug;
		};
		EAAD88EB29406FD10013B91C /* Release */ = {
			isa = XCBuildConfiguration;
			buildSettings = {
				ASSETCATALOG_COMPILER_APPICON_NAME = AppIcon;
				ASSETCATALOG_COMPILER_GLOBAL_ACCENT_COLOR_NAME = AccentColor;
				CLANG_ENABLE_MODULES = YES;
				CODE_SIGN_ENTITLEMENTS = "Vampire's Hunt/Vampire's Hunt.entitlements";
				CODE_SIGN_IDENTITY = "Apple Development";
				CODE_SIGN_STYLE = Automatic;
				CURRENT_PROJECT_VERSION = 1;
				DEVELOPMENT_TEAM = W48GBB265B;
				GENERATE_INFOPLIST_FILE = YES;
				INFOPLIST_FILE = "Vampire-s-Hunt-Info.plist";
				INFOPLIST_KEY_CFBundleDisplayName = "Vampire's Hunt";
				INFOPLIST_KEY_LSApplicationCategoryType = "public.app-category.arcade-games";
				INFOPLIST_KEY_UIApplicationSupportsIndirectInputEvents = YES;
				INFOPLIST_KEY_UILaunchStoryboardName = LaunchScreen;
				INFOPLIST_KEY_UIStatusBarHidden = YES;
				INFOPLIST_KEY_UISupportedInterfaceOrientations = "UIInterfaceOrientationLandscapeLeft UIInterfaceOrientationLandscapeRight";
				INFOPLIST_KEY_UISupportedInterfaceOrientations_iPad = "UIInterfaceOrientationLandscapeLeft UIInterfaceOrientationLandscapeRight UIInterfaceOrientationPortrait UIInterfaceOrientationPortraitUpsideDown";
				LD_RUNPATH_SEARCH_PATHS = (
					"$(inherited)",
					"@executable_path/Frameworks",
				);
				MARKETING_VERSION = 1.0;
				PRODUCT_BUNDLE_IDENTIFIER = com.nanashi.vampireshun;
				PRODUCT_NAME = "$(TARGET_NAME)";
				PROVISIONING_PROFILE_SPECIFIER = "";
				SUPPORTED_PLATFORMS = "iphoneos iphonesimulator";
				SUPPORTS_MACCATALYST = NO;
				SUPPORTS_MAC_DESIGNED_FOR_IPHONE_IPAD = NO;
				SWIFT_EMIT_LOC_STRINGS = YES;
				SWIFT_VERSION = 5.0;
				TARGETED_DEVICE_FAMILY = 1;
			};
			name = Release;
		};
/* End XCBuildConfiguration section */

/* Begin XCConfigurationList section */
		EAAD88CD29406FD10013B91C /* Build configuration list for PBXProject "Vampire's Hunt" */ = {
			isa = XCConfigurationList;
			buildConfigurations = (
				EAAD88E729406FD10013B91C /* Debug */,
				EAAD88E829406FD10013B91C /* Release */,
			);
			defaultConfigurationIsVisible = 0;
			defaultConfigurationName = Release;
		};
		EAAD88E929406FD10013B91C /* Build configuration list for PBXNativeTarget "Vampire's Hunt" */ = {
			isa = XCConfigurationList;
			buildConfigurations = (
				EAAD88EA29406FD10013B91C /* Debug */,
				EAAD88EB29406FD10013B91C /* Release */,
			);
			defaultConfigurationIsVisible = 0;
			defaultConfigurationName = Release;
		};
/* End XCConfigurationList section */
	};
	rootObject = EAAD88CA29406FD10013B91C /* Project object */;
}
